// !$*UTF8*$!
{
	archiveVersion = 1;
	classes = {
	};
	objectVersion = 46;
	objects = {

/* Begin PBXBuildFile section */
		E839608A1D38825F004AA328 /* NSObject+ZHAddForClassSwizzle.m in Sources */ = {isa = PBXBuildFile; fileRef = E83960891D38825F004AA328 /* NSObject+ZHAddForClassSwizzle.m */; };
		E87CE1591D586C9600C75925 /* UIKit+Property.m in Sources */ = {isa = PBXBuildFile; fileRef = E87CE1581D586C9600C75925 /* UIKit+Property.m */; };
		FC1246081C1C3CDF0081FE47 /* UIImage+ZHAdd.m in Sources */ = {isa = PBXBuildFile; fileRef = FC1246071C1C3CDF0081FE47 /* UIImage+ZHAdd.m */; };
		FC12460A1C1C46CC0081FE47 /* add.png in Resources */ = {isa = PBXBuildFile; fileRef = FC1246091C1C46CC0081FE47 /* add.png */; };
		FC2AD2371C2658CA00C3BB25 /* UIControl+ZHAdd.m in Sources */ = {isa = PBXBuildFile; fileRef = FC2AD2361C2658CA00C3BB25 /* UIControl+ZHAdd.m */; };
		FC3345BB1C1BC7740067A278 /* woniu@3x.jpg in Resources */ = {isa = PBXBuildFile; fileRef = FC3345BA1C1BC7740067A278 /* woniu@3x.jpg */; };
		FC5D005D1C1BC4D800BEA2A3 /* UIView+ZHAdd.m in Sources */ = {isa = PBXBuildFile; fileRef = FC5D005C1C1BC4D800BEA2A3 /* UIView+ZHAdd.m */; };
		FC5F65821C190ED3008BFCA1 /* main.m in Sources */ = {isa = PBXBuildFile; fileRef = FC5F65811C190ED3008BFCA1 /* main.m */; };
		FC5F65851C190ED3008BFCA1 /* AppDelegate.m in Sources */ = {isa = PBXBuildFile; fileRef = FC5F65841C190ED3008BFCA1 /* AppDelegate.m */; };
		FC5F65881C190ED3008BFCA1 /* ViewController.m in Sources */ = {isa = PBXBuildFile; fileRef = FC5F65871C190ED3008BFCA1 /* ViewController.m */; };
		FC5F658B1C190ED3008BFCA1 /* Main.storyboard in Resources */ = {isa = PBXBuildFile; fileRef = FC5F65891C190ED3008BFCA1 /* Main.storyboard */; };
		FC5F658D1C190ED3008BFCA1 /* Assets.xcassets in Resources */ = {isa = PBXBuildFile; fileRef = FC5F658C1C190ED3008BFCA1 /* Assets.xcassets */; };
		FC5F65901C190ED3008BFCA1 /* LaunchScreen.storyboard in Resources */ = {isa = PBXBuildFile; fileRef = FC5F658E1C190ED3008BFCA1 /* LaunchScreen.storyboard */; };
		FC5F659F1C190F5C008BFCA1 /* NSObject+ZHAddForKVO.m in Sources */ = {isa = PBXBuildFile; fileRef = FC5F659D1C190F5C008BFCA1 /* NSObject+ZHAddForKVO.m */; };
		FC5F65A51C191191008BFCA1 /* Dog.m in Sources */ = {isa = PBXBuildFile; fileRef = FC5F65A21C191191008BFCA1 /* Dog.m */; };
		FC5F65A61C191191008BFCA1 /* Person.m in Sources */ = {isa = PBXBuildFile; fileRef = FC5F65A41C191191008BFCA1 /* Person.m */; };
		FC5F65A91C1926CD008BFCA1 /* NSThread+ZHAddForRunloop.m in Sources */ = {isa = PBXBuildFile; fileRef = FC5F65A81C1926CD008BFCA1 /* NSThread+ZHAddForRunloop.m */; };
		FC5F65AC1C195E2B008BFCA1 /* UIColor+ZHAdd.m in Sources */ = {isa = PBXBuildFile; fileRef = FC5F65AB1C195E2B008BFCA1 /* UIColor+ZHAdd.m */; };
		FCA1A69F1C1BE78C003B1644 /* NSObject+ZHAddForMethodSwizzing.m in Sources */ = {isa = PBXBuildFile; fileRef = FCA1A69E1C1BE78C003B1644 /* NSObject+ZHAddForMethodSwizzing.m */; };
		FCF007BC1C1D118A00C2B299 /* NSBundle+ZHAdd.m in Sources */ = {isa = PBXBuildFile; fileRef = FCF007BB1C1D118A00C2B299 /* NSBundle+ZHAdd.m */; };
		FCF007C21C1D1A9500C2B299 /* UIApplication+ZHAdd.m in Sources */ = {isa = PBXBuildFile; fileRef = FCF007C11C1D1A9500C2B299 /* UIApplication+ZHAdd.m */; };
		FCF566981C1EEE5D00D7242C /* UIViewController+ZHAdd.m in Sources */ = {isa = PBXBuildFile; fileRef = FCF566971C1EEE5D00D7242C /* UIViewController+ZHAdd.m */; };
		FCF5669E1C1EF0CF00D7242C /* CALayer+ZHAdd.m in Sources */ = {isa = PBXBuildFile; fileRef = FCF5669D1C1EF0CF00D7242C /* CALayer+ZHAdd.m */; };
		FCF566A11C1EF72C00D7242C /* ZHControl.m in Sources */ = {isa = PBXBuildFile; fileRef = FCF566A01C1EF72C00D7242C /* ZHControl.m */; };
/* End PBXBuildFile section */

/* Begin PBXFileReference section */
		E83960881D38825F004AA328 /* NSObject+ZHAddForClassSwizzle.h */ = {isa = PBXFileReference; fileEncoding = 4; lastKnownFileType = sourcecode.c.h; path = "NSObject+ZHAddForClassSwizzle.h"; sourceTree = "<group>"; };
		E83960891D38825F004AA328 /* NSObject+ZHAddForClassSwizzle.m */ = {isa = PBXFileReference; fileEncoding = 4; lastKnownFileType = sourcecode.c.objc; path = "NSObject+ZHAddForClassSwizzle.m"; sourceTree = "<group>"; };
		E86D04B41D6D45CE00E0EF5A /* Foundation+ZHAdd.h */ = {isa = PBXFileReference; fileEncoding = 4; lastKnownFileType = sourcecode.c.h; path = "Foundation+ZHAdd.h"; sourceTree = "<group>"; };
		E86D04B51D6D45DA00E0EF5A /* UIKit+ZHAdd.h */ = {isa = PBXFileReference; fileEncoding = 4; lastKnownFileType = sourcecode.c.h; path = "UIKit+ZHAdd.h"; sourceTree = "<group>"; };
		E87CE1571D586C9600C75925 /* UIKit+Property.h */ = {isa = PBXFileReference; fileEncoding = 4; lastKnownFileType = sourcecode.c.h; path = "UIKit+Property.h"; sourceTree = "<group>"; };
		E87CE1581D586C9600C75925 /* UIKit+Property.m */ = {isa = PBXFileReference; fileEncoding = 4; lastKnownFileType = sourcecode.c.objc; path = "UIKit+Property.m"; sourceTree = "<group>"; };
		FC1246061C1C3CDF0081FE47 /* UIImage+ZHAdd.h */ = {isa = PBXFileReference; fileEncoding = 4; lastKnownFileType = sourcecode.c.h; path = "UIImage+ZHAdd.h"; sourceTree = "<group>"; };
		FC1246071C1C3CDF0081FE47 /* UIImage+ZHAdd.m */ = {isa = PBXFileReference; fileEncoding = 4; lastKnownFileType = sourcecode.c.objc; path = "UIImage+ZHAdd.m"; sourceTree = "<group>"; };
		FC1246091C1C46CC0081FE47 /* add.png */ = {isa = PBXFileReference; lastKnownFileType = image.png; path = add.png; sourceTree = "<group>"; };
		FC2AD2351C2658CA00C3BB25 /* UIControl+ZHAdd.h */ = {isa = PBXFileReference; fileEncoding = 4; lastKnownFileType = sourcecode.c.h; path = "UIControl+ZHAdd.h"; sourceTree = "<group>"; };
		FC2AD2361C2658CA00C3BB25 /* UIControl+ZHAdd.m */ = {isa = PBXFileReference; fileEncoding = 4; lastKnownFileType = sourcecode.c.objc; path = "UIControl+ZHAdd.m"; sourceTree = "<group>"; };
		FC3345BA1C1BC7740067A278 /* woniu@3x.jpg */ = {isa = PBXFileReference; lastKnownFileType = image.jpeg; path = "woniu@3x.jpg"; sourceTree = "<group>"; };
		FC5D005B1C1BC4D800BEA2A3 /* UIView+ZHAdd.h */ = {isa = PBXFileReference; fileEncoding = 4; lastKnownFileType = sourcecode.c.h; path = "UIView+ZHAdd.h"; sourceTree = "<group>"; };
		FC5D005C1C1BC4D800BEA2A3 /* UIView+ZHAdd.m */ = {isa = PBXFileReference; fileEncoding = 4; lastKnownFileType = sourcecode.c.objc; path = "UIView+ZHAdd.m"; sourceTree = "<group>"; };
		FC5F657D1C190ED3008BFCA1 /* ZHCategoriesDemo.app */ = {isa = PBXFileReference; explicitFileType = wrapper.application; includeInIndex = 0; path = ZHCategoriesDemo.app; sourceTree = BUILT_PRODUCTS_DIR; };
		FC5F65811C190ED3008BFCA1 /* main.m */ = {isa = PBXFileReference; lastKnownFileType = sourcecode.c.objc; path = main.m; sourceTree = "<group>"; };
		FC5F65831C190ED3008BFCA1 /* AppDelegate.h */ = {isa = PBXFileReference; lastKnownFileType = sourcecode.c.h; path = AppDelegate.h; sourceTree = "<group>"; };
		FC5F65841C190ED3008BFCA1 /* AppDelegate.m */ = {isa = PBXFileReference; lastKnownFileType = sourcecode.c.objc; path = AppDelegate.m; sourceTree = "<group>"; };
		FC5F65861C190ED3008BFCA1 /* ViewController.h */ = {isa = PBXFileReference; lastKnownFileType = sourcecode.c.h; path = ViewController.h; sourceTree = "<group>"; };
		FC5F65871C190ED3008BFCA1 /* ViewController.m */ = {isa = PBXFileReference; lastKnownFileType = sourcecode.c.objc; path = ViewController.m; sourceTree = "<group>"; };
		FC5F658A1C190ED3008BFCA1 /* Base */ = {isa = PBXFileReference; lastKnownFileType = file.storyboard; name = Base; path = Base.lproj/Main.storyboard; sourceTree = "<group>"; };
		FC5F658C1C190ED3008BFCA1 /* Assets.xcassets */ = {isa = PBXFileReference; lastKnownFileType = folder.assetcatalog; path = Assets.xcassets; sourceTree = "<group>"; };
		FC5F658F1C190ED3008BFCA1 /* Base */ = {isa = PBXFileReference; lastKnownFileType = file.storyboard; name = Base; path = Base.lproj/LaunchScreen.storyboard; sourceTree = "<group>"; };
		FC5F65911C190ED3008BFCA1 /* Info.plist */ = {isa = PBXFileReference; lastKnownFileType = text.plist.xml; path = Info.plist; sourceTree = "<group>"; };
		FC5F659C1C190F5C008BFCA1 /* NSObject+ZHAddForKVO.h */ = {isa = PBXFileReference; fileEncoding = 4; lastKnownFileType = sourcecode.c.h; path = "NSObject+ZHAddForKVO.h"; sourceTree = "<group>"; };
		FC5F659D1C190F5C008BFCA1 /* NSObject+ZHAddForKVO.m */ = {isa = PBXFileReference; fileEncoding = 4; lastKnownFileType = sourcecode.c.objc; path = "NSObject+ZHAddForKVO.m"; sourceTree = "<group>"; };
		FC5F65A11C191191008BFCA1 /* Dog.h */ = {isa = PBXFileReference; fileEncoding = 4; lastKnownFileType = sourcecode.c.h; path = Dog.h; sourceTree = "<group>"; };
		FC5F65A21C191191008BFCA1 /* Dog.m */ = {isa = PBXFileReference; fileEncoding = 4; lastKnownFileType = sourcecode.c.objc; path = Dog.m; sourceTree = "<group>"; };
		FC5F65A31C191191008BFCA1 /* Person.h */ = {isa = PBXFileReference; fileEncoding = 4; lastKnownFileType = sourcecode.c.h; path = Person.h; sourceTree = "<group>"; };
		FC5F65A41C191191008BFCA1 /* Person.m */ = {isa = PBXFileReference; fileEncoding = 4; lastKnownFileType = sourcecode.c.objc; path = Person.m; sourceTree = "<group>"; };
		FC5F65A71C1926CD008BFCA1 /* NSThread+ZHAddForRunloop.h */ = {isa = PBXFileReference; fileEncoding = 4; lastKnownFileType = sourcecode.c.h; path = "NSThread+ZHAddForRunloop.h"; sourceTree = "<group>"; };
		FC5F65A81C1926CD008BFCA1 /* NSThread+ZHAddForRunloop.m */ = {isa = PBXFileReference; fileEncoding = 4; lastKnownFileType = sourcecode.c.objc; path = "NSThread+ZHAddForRunloop.m"; sourceTree = "<group>"; };
		FC5F65AA1C195E2B008BFCA1 /* UIColor+ZHAdd.h */ = {isa = PBXFileReference; fileEncoding = 4; lastKnownFileType = sourcecode.c.h; path = "UIColor+ZHAdd.h"; sourceTree = "<group>"; };
		FC5F65AB1C195E2B008BFCA1 /* UIColor+ZHAdd.m */ = {isa = PBXFileReference; fileEncoding = 4; lastKnownFileType = sourcecode.c.objc; path = "UIColor+ZHAdd.m"; sourceTree = "<group>"; };
		FCA1A69D1C1BE78C003B1644 /* NSObject+ZHAddForMethodSwizzing.h */ = {isa = PBXFileReference; fileEncoding = 4; lastKnownFileType = sourcecode.c.h; path = "NSObject+ZHAddForMethodSwizzing.h"; sourceTree = "<group>"; };
		FCA1A69E1C1BE78C003B1644 /* NSObject+ZHAddForMethodSwizzing.m */ = {isa = PBXFileReference; fileEncoding = 4; lastKnownFileType = sourcecode.c.objc; path = "NSObject+ZHAddForMethodSwizzing.m"; sourceTree = "<group>"; };
		FCF007BA1C1D118A00C2B299 /* NSBundle+ZHAdd.h */ = {isa = PBXFileReference; fileEncoding = 4; lastKnownFileType = sourcecode.c.h; path = "NSBundle+ZHAdd.h"; sourceTree = "<group>"; };
		FCF007BB1C1D118A00C2B299 /* NSBundle+ZHAdd.m */ = {isa = PBXFileReference; fileEncoding = 4; lastKnownFileType = sourcecode.c.objc; path = "NSBundle+ZHAdd.m"; sourceTree = "<group>"; };
		FCF007C01C1D1A9500C2B299 /* UIApplication+ZHAdd.h */ = {isa = PBXFileReference; fileEncoding = 4; lastKnownFileType = sourcecode.c.h; path = "UIApplication+ZHAdd.h"; sourceTree = "<group>"; };
		FCF007C11C1D1A9500C2B299 /* UIApplication+ZHAdd.m */ = {isa = PBXFileReference; fileEncoding = 4; lastKnownFileType = sourcecode.c.objc; path = "UIApplication+ZHAdd.m"; sourceTree = "<group>"; };
		FCF566961C1EEE5D00D7242C /* UIViewController+ZHAdd.h */ = {isa = PBXFileReference; fileEncoding = 4; lastKnownFileType = sourcecode.c.h; path = "UIViewController+ZHAdd.h"; sourceTree = "<group>"; };
		FCF566971C1EEE5D00D7242C /* UIViewController+ZHAdd.m */ = {isa = PBXFileReference; fileEncoding = 4; lastKnownFileType = sourcecode.c.objc; path = "UIViewController+ZHAdd.m"; sourceTree = "<group>"; };
		FCF5669C1C1EF0CF00D7242C /* CALayer+ZHAdd.h */ = {isa = PBXFileReference; fileEncoding = 4; lastKnownFileType = sourcecode.c.h; path = "CALayer+ZHAdd.h"; sourceTree = "<group>"; };
		FCF5669D1C1EF0CF00D7242C /* CALayer+ZHAdd.m */ = {isa = PBXFileReference; fileEncoding = 4; lastKnownFileType = sourcecode.c.objc; path = "CALayer+ZHAdd.m"; sourceTree = "<group>"; };
		FCF5669F1C1EF72C00D7242C /* ZHControl.h */ = {isa = PBXFileReference; fileEncoding = 4; lastKnownFileType = sourcecode.c.h; path = ZHControl.h; sourceTree = "<group>"; };
		FCF566A01C1EF72C00D7242C /* ZHControl.m */ = {isa = PBXFileReference; fileEncoding = 4; lastKnownFileType = sourcecode.c.objc; path = ZHControl.m; sourceTree = "<group>"; };
/* End PBXFileReference section */

/* Begin PBXFrameworksBuildPhase section */
		FC5F657A1C190ED3008BFCA1 /* Frameworks */ = {
			isa = PBXFrameworksBuildPhase;
			buildActionMask = 2147483647;
			files = (
			);
			runOnlyForDeploymentPostprocessing = 0;
		};
/* End PBXFrameworksBuildPhase section */

/* Begin PBXGroup section */
		FC5F65741C190ED3008BFCA1 = {
			isa = PBXGroup;
			children = (
				FC5F657F1C190ED3008BFCA1 /* ZHCategoriesDemo */,
				FC5F657E1C190ED3008BFCA1 /* Products */,
			);
			sourceTree = "<group>";
		};
		FC5F657E1C190ED3008BFCA1 /* Products */ = {
			isa = PBXGroup;
			children = (
				FC5F657D1C190ED3008BFCA1 /* ZHCategoriesDemo.app */,
			);
			name = Products;
			sourceTree = "<group>";
		};
		FC5F657F1C190ED3008BFCA1 /* ZHCategoriesDemo */ = {
			isa = PBXGroup;
			children = (
				FC5F659A1C190F5C008BFCA1 /* Class */,
				FC5F65A01C19116F008BFCA1 /* TempClass */,
				FC5F65831C190ED3008BFCA1 /* AppDelegate.h */,
				FC5F65841C190ED3008BFCA1 /* AppDelegate.m */,
				FC5F65861C190ED3008BFCA1 /* ViewController.h */,
				FC5F65871C190ED3008BFCA1 /* ViewController.m */,
				FC3345BA1C1BC7740067A278 /* woniu@3x.jpg */,
				FC1246091C1C46CC0081FE47 /* add.png */,
				FC5F65891C190ED3008BFCA1 /* Main.storyboard */,
				FC5F658C1C190ED3008BFCA1 /* Assets.xcassets */,
				FC5F658E1C190ED3008BFCA1 /* LaunchScreen.storyboard */,
				FC5F65911C190ED3008BFCA1 /* Info.plist */,
				FC5F65801C190ED3008BFCA1 /* Supporting Files */,
			);
			path = ZHCategoriesDemo;
			sourceTree = "<group>";
		};
		FC5F65801C190ED3008BFCA1 /* Supporting Files */ = {
			isa = PBXGroup;
			children = (
				FC5F65811C190ED3008BFCA1 /* main.m */,
			);
			name = "Supporting Files";
			sourceTree = "<group>";
		};
		FC5F659A1C190F5C008BFCA1 /* Class */ = {
			isa = PBXGroup;
			children = (
				FC5F659B1C190F5C008BFCA1 /* Foundation */,
				FC5F659E1C190F5C008BFCA1 /* UIKit */,
			);
			path = Class;
			sourceTree = "<group>";
		};
		FC5F659B1C190F5C008BFCA1 /* Foundation */ = {
			isa = PBXGroup;
			children = (
				E86D04B41D6D45CE00E0EF5A /* Foundation+ZHAdd.h */,
				FC5F659C1C190F5C008BFCA1 /* NSObject+ZHAddForKVO.h */,
				FC5F659D1C190F5C008BFCA1 /* NSObject+ZHAddForKVO.m */,
				FC5F65A71C1926CD008BFCA1 /* NSThread+ZHAddForRunloop.h */,
				FC5F65A81C1926CD008BFCA1 /* NSThread+ZHAddForRunloop.m */,
				E83960881D38825F004AA328 /* NSObject+ZHAddForClassSwizzle.h */,
				E83960891D38825F004AA328 /* NSObject+ZHAddForClassSwizzle.m */,
				FCA1A69D1C1BE78C003B1644 /* NSObject+ZHAddForMethodSwizzing.h */,
				FCA1A69E1C1BE78C003B1644 /* NSObject+ZHAddForMethodSwizzing.m */,
				FCF007BA1C1D118A00C2B299 /* NSBundle+ZHAdd.h */,
				FCF007BB1C1D118A00C2B299 /* NSBundle+ZHAdd.m */,
			);
			path = Foundation;
			sourceTree = "<group>";
		};
		FC5F659E1C190F5C008BFCA1 /* UIKit */ = {
			isa = PBXGroup;
			children = (
				E86D04B51D6D45DA00E0EF5A /* UIKit+ZHAdd.h */,
				FC5F65AA1C195E2B008BFCA1 /* UIColor+ZHAdd.h */,
				FC5F65AB1C195E2B008BFCA1 /* UIColor+ZHAdd.m */,
				FC5D005B1C1BC4D800BEA2A3 /* UIView+ZHAdd.h */,
				FC5D005C1C1BC4D800BEA2A3 /* UIView+ZHAdd.m */,
				FC2AD2351C2658CA00C3BB25 /* UIControl+ZHAdd.h */,
				FC2AD2361C2658CA00C3BB25 /* UIControl+ZHAdd.m */,
				FC1246061C1C3CDF0081FE47 /* UIImage+ZHAdd.h */,
				FC1246071C1C3CDF0081FE47 /* UIImage+ZHAdd.m */,
				FCF007C01C1D1A9500C2B299 /* UIApplication+ZHAdd.h */,
				FCF007C11C1D1A9500C2B299 /* UIApplication+ZHAdd.m */,
				FCF566961C1EEE5D00D7242C /* UIViewController+ZHAdd.h */,
				FCF566971C1EEE5D00D7242C /* UIViewController+ZHAdd.m */,
				FCF5669C1C1EF0CF00D7242C /* CALayer+ZHAdd.h */,
				FCF5669D1C1EF0CF00D7242C /* CALayer+ZHAdd.m */,
				E87CE1571D586C9600C75925 /* UIKit+Property.h */,
				E87CE1581D586C9600C75925 /* UIKit+Property.m */,
			);
			path = UIKit;
			sourceTree = "<group>";
		};
		FC5F65A01C19116F008BFCA1 /* TempClass */ = {
			isa = PBXGroup;
			children = (
				FC5F65A11C191191008BFCA1 /* Dog.h */,
				FC5F65A21C191191008BFCA1 /* Dog.m */,
				FC5F65A31C191191008BFCA1 /* Person.h */,
				FC5F65A41C191191008BFCA1 /* Person.m */,
				FCF5669F1C1EF72C00D7242C /* ZHControl.h */,
				FCF566A01C1EF72C00D7242C /* ZHControl.m */,
			);
			path = TempClass;
			sourceTree = "<group>";
		};
/* End PBXGroup section */

/* Begin PBXNativeTarget section */
		FC5F657C1C190ED3008BFCA1 /* ZHCategoriesDemo */ = {
			isa = PBXNativeTarget;
			buildConfigurationList = FC5F65941C190ED3008BFCA1 /* Build configuration list for PBXNativeTarget "ZHCategoriesDemo" */;
			buildPhases = (
				FC5F65791C190ED3008BFCA1 /* Sources */,
				FC5F657A1C190ED3008BFCA1 /* Frameworks */,
				FC5F657B1C190ED3008BFCA1 /* Resources */,
			);
			buildRules = (
			);
			dependencies = (
			);
			name = ZHCategoriesDemo;
			productName = ZHCategoriesDemo;
			productReference = FC5F657D1C190ED3008BFCA1 /* ZHCategoriesDemo.app */;
			productType = "com.apple.product-type.application";
		};
/* End PBXNativeTarget section */

/* Begin PBXProject section */
		FC5F65751C190ED3008BFCA1 /* Project object */ = {
			isa = PBXProject;
			attributes = {
				LastUpgradeCheck = 0710;
				ORGANIZATIONNAME = wuzhihe;
				TargetAttributes = {
					FC5F657C1C190ED3008BFCA1 = {
						CreatedOnToolsVersion = 7.1;
					};
				};
			};
			buildConfigurationList = FC5F65781C190ED3008BFCA1 /* Build configuration list for PBXProject "ZHCategoriesDemo" */;
			compatibilityVersion = "Xcode 3.2";
			developmentRegion = English;
			hasScannedForEncodings = 0;
			knownRegions = (
				en,
				Base,
			);
			mainGroup = FC5F65741C190ED3008BFCA1;
			productRefGroup = FC5F657E1C190ED3008BFCA1 /* Products */;
			projectDirPath = "";
			projectRoot = "";
			targets = (
				FC5F657C1C190ED3008BFCA1 /* ZHCategoriesDemo */,
			);
		};
/* End PBXProject section */

/* Begin PBXResourcesBuildPhase section */
		FC5F657B1C190ED3008BFCA1 /* Resources */ = {
			isa = PBXResourcesBuildPhase;
			buildActionMask = 2147483647;
			files = (
				FC5F65901C190ED3008BFCA1 /* LaunchScreen.storyboard in Resources */,
				FC5F658D1C190ED3008BFCA1 /* Assets.xcassets in Resources */,
				FC3345BB1C1BC7740067A278 /* woniu@3x.jpg in Resources */,
				FC12460A1C1C46CC0081FE47 /* add.png in Resources */,
				FC5F658B1C190ED3008BFCA1 /* Main.storyboard in Resources */,
			);
			runOnlyForDeploymentPostprocessing = 0;
		};
/* End PBXResourcesBuildPhase section */

/* Begin PBXSourcesBuildPhase section */
		FC5F65791C190ED3008BFCA1 /* Sources */ = {
			isa = PBXSourcesBuildPhase;
			buildActionMask = 2147483647;
			files = (
				FCF5669E1C1EF0CF00D7242C /* CALayer+ZHAdd.m in Sources */,
				FCF566A11C1EF72C00D7242C /* ZHControl.m in Sources */,
				FCF566981C1EEE5D00D7242C /* UIViewController+ZHAdd.m in Sources */,
				FC5F65A91C1926CD008BFCA1 /* NSThread+ZHAddForRunloop.m in Sources */,
				FC5F65A61C191191008BFCA1 /* Person.m in Sources */,
				FC5F65881C190ED3008BFCA1 /* ViewController.m in Sources */,
				FC5F65851C190ED3008BFCA1 /* AppDelegate.m in Sources */,
				FC5F65A51C191191008BFCA1 /* Dog.m in Sources */,
				FCA1A69F1C1BE78C003B1644 /* NSObject+ZHAddForMethodSwizzing.m in Sources */,
				E839608A1D38825F004AA328 /* NSObject+ZHAddForClassSwizzle.m in Sources */,
				FC5F65AC1C195E2B008BFCA1 /* UIColor+ZHAdd.m in Sources */,
				FC5D005D1C1BC4D800BEA2A3 /* UIView+ZHAdd.m in Sources */,
				FCF007BC1C1D118A00C2B299 /* NSBundle+ZHAdd.m in Sources */,
				FC2AD2371C2658CA00C3BB25 /* UIControl+ZHAdd.m in Sources */,
				FCF007C21C1D1A9500C2B299 /* UIApplication+ZHAdd.m in Sources */,
				FC1246081C1C3CDF0081FE47 /* UIImage+ZHAdd.m in Sources */,
				FC5F659F1C190F5C008BFCA1 /* NSObject+ZHAddForKVO.m in Sources */,
				FC5F65821C190ED3008BFCA1 /* main.m in Sources */,
				E87CE1591D586C9600C75925 /* UIKit+Property.m in Sources */,
			);
			runOnlyForDeploymentPostprocessing = 0;
		};
/* End PBXSourcesBuildPhase section */

/* Begin PBXVariantGroup section */
		FC5F65891C190ED3008BFCA1 /* Main.storyboard */ = {
			isa = PBXVariantGroup;
			children = (
				FC5F658A1C190ED3008BFCA1 /* Base */,
			);
			name = Main.storyboard;
			sourceTree = "<group>";
		};
		FC5F658E1C190ED3008BFCA1 /* LaunchScreen.storyboard */ = {
			isa = PBXVariantGroup;
			children = (
				FC5F658F1C190ED3008BFCA1 /* Base */,
			);
			name = LaunchScreen.storyboard;
			sourceTree = "<group>";
		};
/* End PBXVariantGroup section */

/* Begin XCBuildConfiguration section */
		FC5F65921C190ED3008BFCA1 /* Debug */ = {
			isa = XCBuildConfiguration;
			buildSettings = {
				ALWAYS_SEARCH_USER_PATHS = NO;
				CLANG_CXX_LANGUAGE_STANDARD = "gnu++0x";
				CLANG_CXX_LIBRARY = "libc++";
				CLANG_ENABLE_MODULES = YES;
				CLANG_ENABLE_OBJC_ARC = YES;
				CLANG_WARN_BOOL_CONVERSION = YES;
				CLANG_WARN_CONSTANT_CONVERSION = YES;
				CLANG_WARN_DIRECT_OBJC_ISA_USAGE = YES_ERROR;
				CLANG_WARN_EMPTY_BODY = YES;
				CLANG_WARN_ENUM_CONVERSION = YES;
				CLANG_WARN_INT_CONVERSION = YES;
				CLANG_WARN_OBJC_ROOT_CLASS = YES_ERROR;
				CLANG_WARN_UNREACHABLE_CODE = YES;
				CLANG_WARN__DUPLICATE_METHOD_MATCH = YES;
				"CODE_SIGN_IDENTITY[sdk=iphoneos*]" = "iPhone Developer";
				COPY_PHASE_STRIP = NO;
				DEBUG_INFORMATION_FORMAT = dwarf;
				ENABLE_STRICT_OBJC_MSGSEND = YES;
				ENABLE_TESTABILITY = YES;
				GCC_C_LANGUAGE_STANDARD = gnu99;
				GCC_DYNAMIC_NO_PIC = NO;
				GCC_NO_COMMON_BLOCKS = YES;
				GCC_OPTIMIZATION_LEVEL = 0;
				GCC_PREPROCESSOR_DEFINITIONS = (
					"DEBUG=1",
					"$(inherited)",
				);
				GCC_WARN_64_TO_32_BIT_CONVERSION = YES;
				GCC_WARN_ABOUT_RETURN_TYPE = YES_ERROR;
				GCC_WARN_UNDECLARED_SELECTOR = YES;
				GCC_WARN_UNINITIALIZED_AUTOS = YES_AGGRESSIVE;
				GCC_WARN_UNUSED_FUNCTION = YES;
				GCC_WARN_UNUSED_VARIABLE = YES;
				IPHONEOS_DEPLOYMENT_TARGET = 9.1;
				MTL_ENABLE_DEBUG_INFO = YES;
				ONLY_ACTIVE_ARCH = YES;
				SDKROOT = iphoneos;
			};
			name = Debug;
		};
		FC5F65931C190ED3008BFCA1 /* Release */ = {
			isa = XCBuildConfiguration;
			buildSettings = {
				ALWAYS_SEARCH_USER_PATHS = NO;
				CLANG_CXX_LANGUAGE_STANDARD = "gnu++0x";
				CLANG_CXX_LIBRARY = "libc++";
				CLANG_ENABLE_MODULES = YES;
				CLANG_ENABLE_OBJC_ARC = YES;
				CLANG_WARN_BOOL_CONVERSION = YES;
				CLANG_WARN_CONSTANT_CONVERSION = YES;
				CLANG_WARN_DIRECT_OBJC_ISA_USAGE = YES_ERROR;
				CLANG_WARN_EMPTY_BODY = YES;
				CLANG_WARN_ENUM_CONVERSION = YES;
				CLANG_WARN_INT_CONVERSION = YES;
				CLANG_WARN_OBJC_ROOT_CLASS = YES_ERROR;
				CLANG_WARN_UNREACHABLE_CODE = YES;
				CLANG_WARN__DUPLICATE_METHOD_MATCH = YES;
				"CODE_SIGN_IDENTITY[sdk=iphoneos*]" = "iPhone Developer";
				COPY_PHASE_STRIP = NO;
				DEBUG_INFORMATION_FORMAT = "dwarf-with-dsym";
				ENABLE_NS_ASSERTIONS = NO;
				ENABLE_STRICT_OBJC_MSGSEND = YES;
				GCC_C_LANGUAGE_STANDARD = gnu99;
				GCC_NO_COMMON_BLOCKS = YES;
				GCC_WARN_64_TO_32_BIT_CONVERSION = YES;
				GCC_WARN_ABOUT_RETURN_TYPE = YES_ERROR;
				GCC_WARN_UNDECLARED_SELECTOR = YES;
				GCC_WARN_UNINITIALIZED_AUTOS = YES_AGGRESSIVE;
				GCC_WARN_UNUSED_FUNCTION = YES;
				GCC_WARN_UNUSED_VARIABLE = YES;
				IPHONEOS_DEPLOYMENT_TARGET = 9.1;
				MTL_ENABLE_DEBUG_INFO = NO;
				SDKROOT = iphoneos;
				VALIDATE_PRODUCT = YES;
			};
			name = Release;
		};
		FC5F65951C190ED3008BFCA1 /* Debug */ = {
			isa = XCBuildConfiguration;
			buildSettings = {
				ASSETCATALOG_COMPILER_APPICON_NAME = AppIcon;
				ASSETCATALOG_COMPILER_LAUNCHIMAGE_NAME = LaunchImage;
				INFOPLIST_FILE = ZHCategoriesDemo/Info.plist;
				LD_RUNPATH_SEARCH_PATHS = "$(inherited) @executable_path/Frameworks";
				PRODUCT_BUNDLE_IDENTIFIER = www.ZHCategoriesDemo;
				PRODUCT_NAME = "$(TARGET_NAME)";
			};
			name = Debug;
		};
		FC5F65961C190ED3008BFCA1 /* Release */ = {
			isa = XCBuildConfiguration;
			buildSettings = {
				ASSETCATALOG_COMPILER_APPICON_NAME = AppIcon;
				ASSETCATALOG_COMPILER_LAUNCHIMAGE_NAME = LaunchImage;
				INFOPLIST_FILE = ZHCategoriesDemo/Info.plist;
				LD_RUNPATH_SEARCH_PATHS = "$(inherited) @executable_path/Frameworks";
				PRODUCT_BUNDLE_IDENTIFIER = www.ZHCategoriesDemo;
				PRODUCT_NAME = "$(TARGET_NAME)";
			};
			name = Release;
		};
/* End XCBuildConfiguration section */

/* Begin XCConfigurationList section */
		FC5F65781C190ED3008BFCA1 /* Build configuration list for PBXProject "ZHCategoriesDemo" */ = {
			isa = XCConfigurationList;
			buildConfigurations = (
				FC5F65921C190ED3008BFCA1 /* Debug */,
				FC5F65931C190ED3008BFCA1 /* Release */,
			);
			defaultConfigurationIsVisible = 0;
			defaultConfigurationName = Release;
		};
		FC5F65941C190ED3008BFCA1 /* Build configuration list for PBXNativeTarget "ZHCategoriesDemo" */ = {
			isa = XCConfigurationList;
			buildConfigurations = (
				FC5F65951C190ED3008BFCA1 /* Debug */,
				FC5F65961C190ED3008BFCA1 /* Release */,
			);
			defaultConfigurationIsVisible = 0;
			defaultConfigurationName = Release;
		};
/* End XCConfigurationList section */
	};
	rootObject = FC5F65751C190ED3008BFCA1 /* Project object */;
}
